// !$*UTF8*$!
{
	archiveVersion = 1;
	classes = {
	};
	objectVersion = 56;
	objects = {

/* Begin PBXBuildFile section */
		EFBA2875292986510034DCA9 /* AppDelegate.swift in Sources */ = {isa = PBXBuildFile; fileRef = EFBA2874292986510034DCA9 /* AppDelegate.swift */; };
		EFBA2879292986510034DCA9 /* ViewController.swift in Sources */ = {isa = PBXBuildFile; fileRef = EFBA2878292986510034DCA9 /* ViewController.swift */; };
		EFBA287E292986520034DCA9 /* Assets.xcassets in Resources */ = {isa = PBXBuildFile; fileRef = EFBA287D292986520034DCA9 /* Assets.xcassets */; };
		EFBA2881292986520034DCA9 /* LaunchScreen.storyboard in Resources */ = {isa = PBXBuildFile; fileRef = EFBA287F292986520034DCA9 /* LaunchScreen.storyboard */; };
		EFBA28AE292995260034DCA9 /* Localizable.strings in Resources */ = {isa = PBXBuildFile; fileRef = EFBA28B0292995260034DCA9 /* Localizable.strings */; };
		EFBA28B22929957B0034DCA9 /* String+Extension.swift in Sources */ = {isa = PBXBuildFile; fileRef = EFBA28B12929957B0034DCA9 /* String+Extension.swift */; };
		EFBA28C3292999B90034DCA9 /* LoginViewModel.swift in Sources */ = {isa = PBXBuildFile; fileRef = EFBA28C2292999B90034DCA9 /* LoginViewModel.swift */; };
		EFBA28C6292999E20034DCA9 /* LoginHeader.swift in Sources */ = {isa = PBXBuildFile; fileRef = EFBA28C5292999E20034DCA9 /* LoginHeader.swift */; };
		EFBA28C829299A1D0034DCA9 /* LoginHeaderConfigurator.swift in Sources */ = {isa = PBXBuildFile; fileRef = EFBA28C729299A1D0034DCA9 /* LoginHeaderConfigurator.swift */; };
/* End PBXBuildFile section */

/* Begin PBXFileReference section */
		EFBA2871292986510034DCA9 /* PlantBudApp.app */ = {isa = PBXFileReference; explicitFileType = wrapper.application; includeInIndex = 0; path = PlantBudApp.app; sourceTree = BUILT_PRODUCTS_DIR; };
		EFBA2874292986510034DCA9 /* AppDelegate.swift */ = {isa = PBXFileReference; lastKnownFileType = sourcecode.swift; path = AppDelegate.swift; sourceTree = "<group>"; };
		EFBA2878292986510034DCA9 /* ViewController.swift */ = {isa = PBXFileReference; lastKnownFileType = sourcecode.swift; path = ViewController.swift; sourceTree = "<group>"; };
		EFBA287D292986520034DCA9 /* Assets.xcassets */ = {isa = PBXFileReference; lastKnownFileType = folder.assetcatalog; path = Assets.xcassets; sourceTree = "<group>"; };
		EFBA2882292986520034DCA9 /* Info.plist */ = {isa = PBXFileReference; lastKnownFileType = text.plist.xml; path = Info.plist; sourceTree = "<group>"; };
		EFBA28AF292995260034DCA9 /* en */ = {isa = PBXFileReference; lastKnownFileType = text.plist.strings; name = en; path = en.lproj/Localizable.strings; sourceTree = "<group>"; };
		EFBA28B12929957B0034DCA9 /* String+Extension.swift */ = {isa = PBXFileReference; lastKnownFileType = sourcecode.swift; path = "String+Extension.swift"; sourceTree = "<group>"; };
		EFBA28B4292996400034DCA9 /* Base */ = {isa = PBXFileReference; lastKnownFileType = file.storyboard; name = Base; path = Base.lproj/LaunchScreen.storyboard; sourceTree = "<group>"; };
		EFBA28C2292999B90034DCA9 /* LoginViewModel.swift */ = {isa = PBXFileReference; lastKnownFileType = sourcecode.swift; path = LoginViewModel.swift; sourceTree = "<group>"; };
		EFBA28C5292999E20034DCA9 /* LoginHeader.swift */ = {isa = PBXFileReference; lastKnownFileType = sourcecode.swift; path = LoginHeader.swift; sourceTree = "<group>"; };
		EFBA28C729299A1D0034DCA9 /* LoginHeaderConfigurator.swift */ = {isa = PBXFileReference; lastKnownFileType = sourcecode.swift; path = LoginHeaderConfigurator.swift; sourceTree = "<group>"; };
/* End PBXFileReference section */

/* Begin PBXFrameworksBuildPhase section */
		EFBA286E292986510034DCA9 /* Frameworks */ = {
			isa = PBXFrameworksBuildPhase;
			buildActionMask = 2147483647;
			files = (
			);
			runOnlyForDeploymentPostprocessing = 0;
		};
/* End PBXFrameworksBuildPhase section */

/* Begin PBXGroup section */
		EFBA2868292986510034DCA9 = {
			isa = PBXGroup;
			children = (
				EFBA2873292986510034DCA9 /* PlantBudApp */,
				EFBA2872292986510034DCA9 /* Products */,
			);
			sourceTree = "<group>";
		};
		EFBA2872292986510034DCA9 /* Products */ = {
			isa = PBXGroup;
			children = (
				EFBA2871292986510034DCA9 /* PlantBudApp.app */,
			);
			name = Products;
			sourceTree = "<group>";
		};
		EFBA2873292986510034DCA9 /* PlantBudApp */ = {
			isa = PBXGroup;
			children = (
				EFBA28A429298F2A0034DCA9 /* Configuration */,
				EFBA28A529298F350034DCA9 /* Resources */,
				EFBA28A629298F410034DCA9 /* Source */,
				EFBA2882292986520034DCA9 /* Info.plist */,
			);
			path = PlantBudApp;
			sourceTree = "<group>";
		};
		EFBA28A429298F2A0034DCA9 /* Configuration */ = {
			isa = PBXGroup;
			children = (
			);
			path = Configuration;
			sourceTree = "<group>";
		};
		EFBA28A529298F350034DCA9 /* Resources */ = {
			isa = PBXGroup;
			children = (
				EFBA28AB292994070034DCA9 /* Localizable */,
				EFBA28AA292993FC0034DCA9 /* Fonts */,
				EFBA28A9292993F40034DCA9 /* Templates */,
				EFBA28A8292993EA0034DCA9 /* Data */,
				EFBA28A729298F560034DCA9 /* Assets */,
			);
			path = Resources;
			sourceTree = "<group>";
		};
		EFBA28A629298F410034DCA9 /* Source */ = {
			isa = PBXGroup;
			children = (
				EFBA28B9292998810034DCA9 /* Managers */,
				EFBA28B8292998790034DCA9 /* Network */,
				EFBA28B7292998700034DCA9 /* Modules */,
				EFBA28B6292998520034DCA9 /* Extensions */,
				EFBA28B52929984B0034DCA9 /* Common */,
				EFBA287F292986520034DCA9 /* LaunchScreen.storyboard */,
				EFBA2874292986510034DCA9 /* AppDelegate.swift */,
			);
			path = Source;
			sourceTree = "<group>";
		};
		EFBA28A729298F560034DCA9 /* Assets */ = {
			isa = PBXGroup;
			children = (
				EFBA287D292986520034DCA9 /* Assets.xcassets */,
			);
			path = Assets;
			sourceTree = "<group>";
		};
		EFBA28A8292993EA0034DCA9 /* Data */ = {
			isa = PBXGroup;
			children = (
			);
			path = Data;
			sourceTree = "<group>";
		};
		EFBA28A9292993F40034DCA9 /* Templates */ = {
			isa = PBXGroup;
			children = (
			);
			path = Templates;
			sourceTree = "<group>";
		};
		EFBA28AA292993FC0034DCA9 /* Fonts */ = {
			isa = PBXGroup;
			children = (
			);
			path = Fonts;
			sourceTree = "<group>";
		};
		EFBA28AB292994070034DCA9 /* Localizable */ = {
			isa = PBXGroup;
			children = (
				EFBA28B0292995260034DCA9 /* Localizable.strings */,
			);
			path = Localizable;
			sourceTree = "<group>";
		};
		EFBA28B52929984B0034DCA9 /* Common */ = {
			isa = PBXGroup;
			children = (
			);
			path = Common;
			sourceTree = "<group>";
		};
		EFBA28B6292998520034DCA9 /* Extensions */ = {
			isa = PBXGroup;
			children = (
				EFBA28B12929957B0034DCA9 /* String+Extension.swift */,
			);
			path = Extensions;
			sourceTree = "<group>";
		};
		EFBA28B7292998700034DCA9 /* Modules */ = {
			isa = PBXGroup;
			children = (
				EFBA28BA292998980034DCA9 /* Login */,
			);
			path = Modules;
			sourceTree = "<group>";
		};
		EFBA28B8292998790034DCA9 /* Network */ = {
			isa = PBXGroup;
			children = (
			);
			path = Network;
			sourceTree = "<group>";
		};
		EFBA28B9292998810034DCA9 /* Managers */ = {
			isa = PBXGroup;
			children = (
			);
			path = Managers;
			sourceTree = "<group>";
		};
		EFBA28BA292998980034DCA9 /* Login */ = {
			isa = PBXGroup;
			children = (
				EFBA28BE292998B40034DCA9 /* Worker */,
				EFBA28BD292998AE0034DCA9 /* Scenes */,
				EFBA28BC292998A70034DCA9 /* Factories */,
				EFBA28BB2929989F0034DCA9 /* Coordinator */,
			);
			path = Login;
			sourceTree = "<group>";
		};
		EFBA28BB2929989F0034DCA9 /* Coordinator */ = {
			isa = PBXGroup;
			children = (
			);
			path = Coordinator;
			sourceTree = "<group>";
		};
		EFBA28BC292998A70034DCA9 /* Factories */ = {
			isa = PBXGroup;
			children = (
			);
			path = Factories;
			sourceTree = "<group>";
		};
		EFBA28BD292998AE0034DCA9 /* Scenes */ = {
			isa = PBXGroup;
			children = (
				EFBA28BF292998CA0034DCA9 /* Login */,
			);
			path = Scenes;
			sourceTree = "<group>";
		};
		EFBA28BE292998B40034DCA9 /* Worker */ = {
			isa = PBXGroup;
			children = (
			);
			path = Worker;
			sourceTree = "<group>";
		};
		EFBA28BF292998CA0034DCA9 /* Login */ = {
			isa = PBXGroup;
			children = (
				EFBA28C1292999A60034DCA9 /* Models */,
				EFBA28C02929999D0034DCA9 /* Views */,
				EFBA2878292986510034DCA9 /* ViewController.swift */,
				EFBA28C2292999B90034DCA9 /* LoginViewModel.swift */,
			);
			path = Login;
			sourceTree = "<group>";
		};
		EFBA28C02929999D0034DCA9 /* Views */ = {
			isa = PBXGroup;
			children = (
				EFBA28C4292999D30034DCA9 /* LoginHeader */,
			);
			path = Views;
			sourceTree = "<group>";
		};
		EFBA28C1292999A60034DCA9 /* Models */ = {
			isa = PBXGroup;
			children = (
			);
			path = Models;
			sourceTree = "<group>";
		};
		EFBA28C4292999D30034DCA9 /* LoginHeader */ = {
			isa = PBXGroup;
			children = (
				EFBA28C5292999E20034DCA9 /* LoginHeader.swift */,
				EFBA28C729299A1D0034DCA9 /* LoginHeaderConfigurator.swift */,
			);
			path = LoginHeader;
			sourceTree = "<group>";
		};
/* End PBXGroup section */

/* Begin PBXNativeTarget section */
		EFBA2870292986510034DCA9 /* PlantBudApp */ = {
			isa = PBXNativeTarget;
			buildConfigurationList = EFBA289B292986530034DCA9 /* Build configuration list for PBXNativeTarget "PlantBudApp" */;
			buildPhases = (
				EFBA286D292986510034DCA9 /* Sources */,
				EFBA286E292986510034DCA9 /* Frameworks */,
				EFBA286F292986510034DCA9 /* Resources */,
			);
			buildRules = (
			);
			dependencies = (
			);
			name = PlantBudApp;
			productName = PlantBudApp;
			productReference = EFBA2871292986510034DCA9 /* PlantBudApp.app */;
			productType = "com.apple.product-type.application";
		};
/* End PBXNativeTarget section */

/* Begin PBXProject section */
		EFBA2869292986510034DCA9 /* Project object */ = {
			isa = PBXProject;
			attributes = {
				BuildIndependentTargetsInParallel = 1;
				LastSwiftUpdateCheck = 1410;
				LastUpgradeCheck = 1410;
				TargetAttributes = {
					EFBA2870292986510034DCA9 = {
						CreatedOnToolsVersion = 14.1;
					};
				};
			};
			buildConfigurationList = EFBA286C292986510034DCA9 /* Build configuration list for PBXProject "PlantBudApp" */;
			compatibilityVersion = "Xcode 14.0";
			developmentRegion = en;
			hasScannedForEncodings = 0;
			knownRegions = (
				en,
				Base,
			);
			mainGroup = EFBA2868292986510034DCA9;
			productRefGroup = EFBA2872292986510034DCA9 /* Products */;
			projectDirPath = "";
			projectRoot = "";
			targets = (
				EFBA2870292986510034DCA9 /* PlantBudApp */,
			);
		};
/* End PBXProject section */

/* Begin PBXResourcesBuildPhase section */
		EFBA286F292986510034DCA9 /* Resources */ = {
			isa = PBXResourcesBuildPhase;
			buildActionMask = 2147483647;
			files = (
				EFBA2881292986520034DCA9 /* LaunchScreen.storyboard in Resources */,
				EFBA28AE292995260034DCA9 /* Localizable.strings in Resources */,
				EFBA287E292986520034DCA9 /* Assets.xcassets in Resources */,
			);
			runOnlyForDeploymentPostprocessing = 0;
		};
/* End PBXResourcesBuildPhase section */

/* Begin PBXSourcesBuildPhase section */
		EFBA286D292986510034DCA9 /* Sources */ = {
			isa = PBXSourcesBuildPhase;
			buildActionMask = 2147483647;
			files = (
				EFBA28C3292999B90034DCA9 /* LoginViewModel.swift in Sources */,
				EFBA2879292986510034DCA9 /* ViewController.swift in Sources */,
				EFBA28B22929957B0034DCA9 /* String+Extension.swift in Sources */,
				EFBA28C829299A1D0034DCA9 /* LoginHeaderConfigurator.swift in Sources */,
				EFBA28C6292999E20034DCA9 /* LoginHeader.swift in Sources */,
				EFBA2875292986510034DCA9 /* AppDelegate.swift in Sources */,
			);
			runOnlyForDeploymentPostprocessing = 0;
		};
/* End PBXSourcesBuildPhase section */

/* Begin PBXVariantGroup section */
		EFBA287F292986520034DCA9 /* LaunchScreen.storyboard */ = {
			isa = PBXVariantGroup;
			children = (
				EFBA28B4292996400034DCA9 /* Base */,
			);
			name = LaunchScreen.storyboard;
			sourceTree = "<group>";
		};
		EFBA28B0292995260034DCA9 /* Localizable.strings */ = {
			isa = PBXVariantGroup;
			children = (
				EFBA28AF292995260034DCA9 /* en */,
			);
			name = Localizable.strings;
			sourceTree = "<group>";
		};
/* End PBXVariantGroup section */

/* Begin XCBuildConfiguration section */
		EFBA2899292986530034DCA9 /* Debug */ = {
			isa = XCBuildConfiguration;
			buildSettings = {
				ALWAYS_SEARCH_USER_PATHS = NO;
				CLANG_ANALYZER_NONNULL = YES;
				CLANG_ANALYZER_NUMBER_OBJECT_CONVERSION = YES_AGGRESSIVE;
				CLANG_CXX_LANGUAGE_STANDARD = "gnu++20";
				CLANG_ENABLE_MODULES = YES;
				CLANG_ENABLE_OBJC_ARC = YES;
				CLANG_ENABLE_OBJC_WEAK = YES;
				CLANG_WARN_BLOCK_CAPTURE_AUTORELEASING = YES;
				CLANG_WARN_BOOL_CONVERSION = YES;
				CLANG_WARN_COMMA = YES;
				CLANG_WARN_CONSTANT_CONVERSION = YES;
				CLANG_WARN_DEPRECATED_OBJC_IMPLEMENTATIONS = YES;
				CLANG_WARN_DIRECT_OBJC_ISA_USAGE = YES_ERROR;
				CLANG_WARN_DOCUMENTATION_COMMENTS = YES;
				CLANG_WARN_EMPTY_BODY = YES;
				CLANG_WARN_ENUM_CONVERSION = YES;
				CLANG_WARN_INFINITE_RECURSION = YES;
				CLANG_WARN_INT_CONVERSION = YES;
				CLANG_WARN_NON_LITERAL_NULL_CONVERSION = YES;
				CLANG_WARN_OBJC_IMPLICIT_RETAIN_SELF = YES;
				CLANG_WARN_OBJC_LITERAL_CONVERSION = YES;
				CLANG_WARN_OBJC_ROOT_CLASS = YES_ERROR;
				CLANG_WARN_QUOTED_INCLUDE_IN_FRAMEWORK_HEADER = YES;
				CLANG_WARN_RANGE_LOOP_ANALYSIS = YES;
				CLANG_WARN_STRICT_PROTOTYPES = YES;
				CLANG_WARN_SUSPICIOUS_MOVE = YES;
				CLANG_WARN_UNGUARDED_AVAILABILITY = YES_AGGRESSIVE;
				CLANG_WARN_UNREACHABLE_CODE = YES;
				CLANG_WARN__DUPLICATE_METHOD_MATCH = YES;
				COPY_PHASE_STRIP = NO;
				DEBUG_INFORMATION_FORMAT = dwarf;
				ENABLE_STRICT_OBJC_MSGSEND = YES;
				ENABLE_TESTABILITY = YES;
				GCC_C_LANGUAGE_STANDARD = gnu11;
				GCC_DYNAMIC_NO_PIC = NO;
				GCC_NO_COMMON_BLOCKS = YES;
				GCC_OPTIMIZATION_LEVEL = 0;
				GCC_PREPROCESSOR_DEFINITIONS = (
					"DEBUG=1",
					"$(inherited)",
				);
				GCC_WARN_64_TO_32_BIT_CONVERSION = YES;
				GCC_WARN_ABOUT_RETURN_TYPE = YES_ERROR;
				GCC_WARN_UNDECLARED_SELECTOR = YES;
				GCC_WARN_UNINITIALIZED_AUTOS = YES_AGGRESSIVE;
				GCC_WARN_UNUSED_FUNCTION = YES;
				GCC_WARN_UNUSED_VARIABLE = YES;
				IPHONEOS_DEPLOYMENT_TARGET = 16.1;
				MTL_ENABLE_DEBUG_INFO = INCLUDE_SOURCE;
				MTL_FAST_MATH = YES;
				ONLY_ACTIVE_ARCH = YES;
				SDKROOT = iphoneos;
				SWIFT_ACTIVE_COMPILATION_CONDITIONS = DEBUG;
				SWIFT_OPTIMIZATION_LEVEL = "-Onone";
			};
			name = Debug;
		};
		EFBA289A292986530034DCA9 /* Release */ = {
			isa = XCBuildConfiguration;
			buildSettings = {
				ALWAYS_SEARCH_USER_PATHS = NO;
				CLANG_ANALYZER_NONNULL = YES;
				CLANG_ANALYZER_NUMBER_OBJECT_CONVERSION = YES_AGGRESSIVE;
				CLANG_CXX_LANGUAGE_STANDARD = "gnu++20";
				CLANG_ENABLE_MODULES = YES;
				CLANG_ENABLE_OBJC_ARC = YES;
				CLANG_ENABLE_OBJC_WEAK = YES;
				CLANG_WARN_BLOCK_CAPTURE_AUTORELEASING = YES;
				CLANG_WARN_BOOL_CONVERSION = YES;
				CLANG_WARN_COMMA = YES;
				CLANG_WARN_CONSTANT_CONVERSION = YES;
				CLANG_WARN_DEPRECATED_OBJC_IMPLEMENTATIONS = YES;
				CLANG_WARN_DIRECT_OBJC_ISA_USAGE = YES_ERROR;
				CLANG_WARN_DOCUMENTATION_COMMENTS = YES;
				CLANG_WARN_EMPTY_BODY = YES;
				CLANG_WARN_ENUM_CONVERSION = YES;
				CLANG_WARN_INFINITE_RECURSION = YES;
				CLANG_WARN_INT_CONVERSION = YES;
				CLANG_WARN_NON_LITERAL_NULL_CONVERSION = YES;
				CLANG_WARN_OBJC_IMPLICIT_RETAIN_SELF = YES;
				CLANG_WARN_OBJC_LITERAL_CONVERSION = YES;
				CLANG_WARN_OBJC_ROOT_CLASS = YES_ERROR;
				CLANG_WARN_QUOTED_INCLUDE_IN_FRAMEWORK_HEADER = YES;
				CLANG_WARN_RANGE_LOOP_ANALYSIS = YES;
				CLANG_WARN_STRICT_PROTOTYPES = YES;
				CLANG_WARN_SUSPICIOUS_MOVE = YES;
				CLANG_WARN_UNGUARDED_AVAILABILITY = YES_AGGRESSIVE;
				CLANG_WARN_UNREACHABLE_CODE = YES;
				CLANG_WARN__DUPLICATE_METHOD_MATCH = YES;
				COPY_PHASE_STRIP = NO;
				DEBUG_INFORMATION_FORMAT = "dwarf-with-dsym";
				ENABLE_NS_ASSERTIONS = NO;
				ENABLE_STRICT_OBJC_MSGSEND = YES;
				GCC_C_LANGUAGE_STANDARD = gnu11;
				GCC_NO_COMMON_BLOCKS = YES;
				GCC_WARN_64_TO_32_BIT_CONVERSION = YES;
				GCC_WARN_ABOUT_RETURN_TYPE = YES_ERROR;
				GCC_WARN_UNDECLARED_SELECTOR = YES;
				GCC_WARN_UNINITIALIZED_AUTOS = YES_AGGRESSIVE;
				GCC_WARN_UNUSED_FUNCTION = YES;
				GCC_WARN_UNUSED_VARIABLE = YES;
				IPHONEOS_DEPLOYMENT_TARGET = 16.1;
				MTL_ENABLE_DEBUG_INFO = NO;
				MTL_FAST_MATH = YES;
				SDKROOT = iphoneos;
				SWIFT_COMPILATION_MODE = wholemodule;
				SWIFT_OPTIMIZATION_LEVEL = "-O";
				VALIDATE_PRODUCT = YES;
			};
			name = Release;
		};
		EFBA289C292986530034DCA9 /* Debug */ = {
			isa = XCBuildConfiguration;
			buildSettings = {
				ASSETCATALOG_COMPILER_APPICON_NAME = AppIcon;
				ASSETCATALOG_COMPILER_GLOBAL_ACCENT_COLOR_NAME = AccentColor;
				CODE_SIGN_STYLE = Automatic;
				CURRENT_PROJECT_VERSION = 1;
				DEVELOPMENT_TEAM = GGJL3D3J9M;
				GENERATE_INFOPLIST_FILE = YES;
				INFOPLIST_FILE = PlantBudApp/Info.plist;
				INFOPLIST_KEY_UIApplicationSupportsIndirectInputEvents = YES;
				INFOPLIST_KEY_UILaunchStoryboardName = LaunchScreen;
				INFOPLIST_KEY_UISupportedInterfaceOrientations_iPad = "UIInterfaceOrientationPortrait UIInterfaceOrientationPortraitUpsideDown UIInterfaceOrientationLandscapeLeft UIInterfaceOrientationLandscapeRight";
				INFOPLIST_KEY_UISupportedInterfaceOrientations_iPhone = "UIInterfaceOrientationPortrait UIInterfaceOrientationLandscapeLeft UIInterfaceOrientationLandscapeRight";
				LD_RUNPATH_SEARCH_PATHS = (
					"$(inherited)",
					"@executable_path/Frameworks",
				);
				MARKETING_VERSION = 1.0;
				PRODUCT_BUNDLE_IDENTIFIER = KamilZachara.PlantBudApp;
				PRODUCT_NAME = "$(TARGET_NAME)";
				SWIFT_EMIT_LOC_STRINGS = YES;
				SWIFT_VERSION = 5.0;
				TARGETED_DEVICE_FAMILY = "1,2";
			};
			name = Debug;
		};
		EFBA289D292986530034DCA9 /* Release */ = {
			isa = XCBuildConfiguration;
			buildSettings = {
				ASSETCATALOG_COMPILER_APPICON_NAME = AppIcon;
				ASSETCATALOG_COMPILER_GLOBAL_ACCENT_COLOR_NAME = AccentColor;
				CODE_SIGN_STYLE = Automatic;
				CURRENT_PROJECT_VERSION = 1;
				DEVELOPMENT_TEAM = GGJL3D3J9M;
				GENERATE_INFOPLIST_FILE = YES;
				INFOPLIST_FILE = PlantBudApp/Info.plist;
				INFOPLIST_KEY_UIApplicationSupportsIndirectInputEvents = YES;
				INFOPLIST_KEY_UILaunchStoryboardName = LaunchScreen;
				INFOPLIST_KEY_UISupportedInterfaceOrientations_iPad = "UIInterfaceOrientationPortrait UIInterfaceOrientationPortraitUpsideDown UIInterfaceOrientationLandscapeLeft UIInterfaceOrientationLandscapeRight";
				INFOPLIST_KEY_UISupportedInterfaceOrientations_iPhone = "UIInterfaceOrientationPortrait UIInterfaceOrientationLandscapeLeft UIInterfaceOrientationLandscapeRight";
				LD_RUNPATH_SEARCH_PATHS = (
					"$(inherited)",
					"@executable_path/Frameworks",
				);
				MARKETING_VERSION = 1.0;
				PRODUCT_BUNDLE_IDENTIFIER = KamilZachara.PlantBudApp;
				PRODUCT_NAME = "$(TARGET_NAME)";
				SWIFT_EMIT_LOC_STRINGS = YES;
				SWIFT_VERSION = 5.0;
				TARGETED_DEVICE_FAMILY = "1,2";
			};
			name = Release;
		};
/* End XCBuildConfiguration section */

/* Begin XCConfigurationList section */
		EFBA286C292986510034DCA9 /* Build configuration list for PBXProject "PlantBudApp" */ = {
			isa = XCConfigurationList;
			buildConfigurations = (
				EFBA2899292986530034DCA9 /* Debug */,
				EFBA289A292986530034DCA9 /* Release */,
			);
			defaultConfigurationIsVisible = 0;
			defaultConfigurationName = Release;
		};
		EFBA289B292986530034DCA9 /* Build configuration list for PBXNativeTarget "PlantBudApp" */ = {
			isa = XCConfigurationList;
			buildConfigurations = (
				EFBA289C292986530034DCA9 /* Debug */,
				EFBA289D292986530034DCA9 /* Release */,
			);
			defaultConfigurationIsVisible = 0;
			defaultConfigurationName = Release;
		};
/* End XCConfigurationList section */
	};
	rootObject = EFBA2869292986510034DCA9 /* Project object */;
}
