// !$*UTF8*$!
{
	archiveVersion = 1;
	classes = {
	};
	objectVersion = 56;
	objects = {

/* Begin PBXBuildFile section */
		EFBA2875292986510034DCA9 /* AppDelegate.swift in Sources */ = {isa = PBXBuildFile; fileRef = EFBA2874292986510034DCA9 /* AppDelegate.swift */; };
		EFBA2877292986510034DCA9 /* SceneDelegate.swift in Sources */ = {isa = PBXBuildFile; fileRef = EFBA2876292986510034DCA9 /* SceneDelegate.swift */; };
		EFBA2879292986510034DCA9 /* ViewController.swift in Sources */ = {isa = PBXBuildFile; fileRef = EFBA2878292986510034DCA9 /* ViewController.swift */; };
		EFBA287C292986510034DCA9 /* Main.storyboard in Resources */ = {isa = PBXBuildFile; fileRef = EFBA287A292986510034DCA9 /* Main.storyboard */; };
		EFBA287E292986520034DCA9 /* Assets.xcassets in Resources */ = {isa = PBXBuildFile; fileRef = EFBA287D292986520034DCA9 /* Assets.xcassets */; };
		EFBA2881292986520034DCA9 /* LaunchScreen.storyboard in Resources */ = {isa = PBXBuildFile; fileRef = EFBA287F292986520034DCA9 /* LaunchScreen.storyboard */; };
		EFBA288C292986530034DCA9 /* PlantBudAppTests.swift in Sources */ = {isa = PBXBuildFile; fileRef = EFBA288B292986530034DCA9 /* PlantBudAppTests.swift */; };
		EFBA2896292986530034DCA9 /* PlantBudAppUITests.swift in Sources */ = {isa = PBXBuildFile; fileRef = EFBA2895292986530034DCA9 /* PlantBudAppUITests.swift */; };
		EFBA2898292986530034DCA9 /* PlantBudAppUITestsLaunchTests.swift in Sources */ = {isa = PBXBuildFile; fileRef = EFBA2897292986530034DCA9 /* PlantBudAppUITestsLaunchTests.swift */; };
/* End PBXBuildFile section */

/* Begin PBXContainerItemProxy section */
		EFBA2888292986530034DCA9 /* PBXContainerItemProxy */ = {
			isa = PBXContainerItemProxy;
			containerPortal = EFBA2869292986510034DCA9 /* Project object */;
			proxyType = 1;
			remoteGlobalIDString = EFBA2870292986510034DCA9;
			remoteInfo = PlantBudApp;
		};
		EFBA2892292986530034DCA9 /* PBXContainerItemProxy */ = {
			isa = PBXContainerItemProxy;
			containerPortal = EFBA2869292986510034DCA9 /* Project object */;
			proxyType = 1;
			remoteGlobalIDString = EFBA2870292986510034DCA9;
			remoteInfo = PlantBudApp;
		};
/* End PBXContainerItemProxy section */

/* Begin PBXFileReference section */
		EFBA2871292986510034DCA9 /* PlantBudApp.app */ = {isa = PBXFileReference; explicitFileType = wrapper.application; includeInIndex = 0; path = PlantBudApp.app; sourceTree = BUILT_PRODUCTS_DIR; };
		EFBA2874292986510034DCA9 /* AppDelegate.swift */ = {isa = PBXFileReference; lastKnownFileType = sourcecode.swift; path = AppDelegate.swift; sourceTree = "<group>"; };
		EFBA2876292986510034DCA9 /* SceneDelegate.swift */ = {isa = PBXFileReference; lastKnownFileType = sourcecode.swift; path = SceneDelegate.swift; sourceTree = "<group>"; };
		EFBA2878292986510034DCA9 /* ViewController.swift */ = {isa = PBXFileReference; lastKnownFileType = sourcecode.swift; path = ViewController.swift; sourceTree = "<group>"; };
		EFBA287B292986510034DCA9 /* Base */ = {isa = PBXFileReference; lastKnownFileType = file.storyboard; name = Base; path = Base.lproj/Main.storyboard; sourceTree = "<group>"; };
		EFBA287D292986520034DCA9 /* Assets.xcassets */ = {isa = PBXFileReference; lastKnownFileType = folder.assetcatalog; path = Assets.xcassets; sourceTree = "<group>"; };
		EFBA2880292986520034DCA9 /* Base */ = {isa = PBXFileReference; lastKnownFileType = file.storyboard; name = Base; path = Base.lproj/LaunchScreen.storyboard; sourceTree = "<group>"; };
		EFBA2882292986520034DCA9 /* Info.plist */ = {isa = PBXFileReference; lastKnownFileType = text.plist.xml; path = Info.plist; sourceTree = "<group>"; };
		EFBA2887292986530034DCA9 /* PlantBudAppTests.xctest */ = {isa = PBXFileReference; explicitFileType = wrapper.cfbundle; includeInIndex = 0; path = PlantBudAppTests.xctest; sourceTree = BUILT_PRODUCTS_DIR; };
		EFBA288B292986530034DCA9 /* PlantBudAppTests.swift */ = {isa = PBXFileReference; lastKnownFileType = sourcecode.swift; path = PlantBudAppTests.swift; sourceTree = "<group>"; };
		EFBA2891292986530034DCA9 /* PlantBudAppUITests.xctest */ = {isa = PBXFileReference; explicitFileType = wrapper.cfbundle; includeInIndex = 0; path = PlantBudAppUITests.xctest; sourceTree = BUILT_PRODUCTS_DIR; };
		EFBA2895292986530034DCA9 /* PlantBudAppUITests.swift */ = {isa = PBXFileReference; lastKnownFileType = sourcecode.swift; path = PlantBudAppUITests.swift; sourceTree = "<group>"; };
		EFBA2897292986530034DCA9 /* PlantBudAppUITestsLaunchTests.swift */ = {isa = PBXFileReference; lastKnownFileType = sourcecode.swift; path = PlantBudAppUITestsLaunchTests.swift; sourceTree = "<group>"; };
/* End PBXFileReference section */

/* Begin PBXFrameworksBuildPhase section */
		EFBA286E292986510034DCA9 /* Frameworks */ = {
			isa = PBXFrameworksBuildPhase;
			buildActionMask = 2147483647;
			files = (
			);
			runOnlyForDeploymentPostprocessing = 0;
		};
		EFBA2884292986530034DCA9 /* Frameworks */ = {
			isa = PBXFrameworksBuildPhase;
			buildActionMask = 2147483647;
			files = (
			);
			runOnlyForDeploymentPostprocessing = 0;
		};
		EFBA288E292986530034DCA9 /* Frameworks */ = {
			isa = PBXFrameworksBuildPhase;
			buildActionMask = 2147483647;
			files = (
			);
			runOnlyForDeploymentPostprocessing = 0;
		};
/* End PBXFrameworksBuildPhase section */

/* Begin PBXGroup section */
		EFBA2868292986510034DCA9 = {
			isa = PBXGroup;
			children = (
				EFBA2873292986510034DCA9 /* PlantBudApp */,
				EFBA288A292986530034DCA9 /* PlantBudAppTests */,
				EFBA2894292986530034DCA9 /* PlantBudAppUITests */,
				EFBA2872292986510034DCA9 /* Products */,
			);
			sourceTree = "<group>";
		};
		EFBA2872292986510034DCA9 /* Products */ = {
			isa = PBXGroup;
			children = (
				EFBA2871292986510034DCA9 /* PlantBudApp.app */,
				EFBA2887292986530034DCA9 /* PlantBudAppTests.xctest */,
				EFBA2891292986530034DCA9 /* PlantBudAppUITests.xctest */,
			);
			name = Products;
			sourceTree = "<group>";
		};
		EFBA2873292986510034DCA9 /* PlantBudApp */ = {
			isa = PBXGroup;
			children = (
				EFBA2874292986510034DCA9 /* AppDelegate.swift */,
				EFBA2876292986510034DCA9 /* SceneDelegate.swift */,
				EFBA2878292986510034DCA9 /* ViewController.swift */,
				EFBA287A292986510034DCA9 /* Main.storyboard */,
				EFBA287D292986520034DCA9 /* Assets.xcassets */,
				EFBA287F292986520034DCA9 /* LaunchScreen.storyboard */,
				EFBA2882292986520034DCA9 /* Info.plist */,
			);
			path = PlantBudApp;
			sourceTree = "<group>";
		};
		EFBA288A292986530034DCA9 /* PlantBudAppTests */ = {
			isa = PBXGroup;
			children = (
				EFBA288B292986530034DCA9 /* PlantBudAppTests.swift */,
			);
			path = PlantBudAppTests;
			sourceTree = "<group>";
		};
		EFBA2894292986530034DCA9 /* PlantBudAppUITests */ = {
			isa = PBXGroup;
			children = (
				EFBA2895292986530034DCA9 /* PlantBudAppUITests.swift */,
				EFBA2897292986530034DCA9 /* PlantBudAppUITestsLaunchTests.swift */,
			);
			path = PlantBudAppUITests;
			sourceTree = "<group>";
		};
/* End PBXGroup section */

/* Begin PBXNativeTarget section */
		EFBA2870292986510034DCA9 /* PlantBudApp */ = {
			isa = PBXNativeTarget;
			buildConfigurationList = EFBA289B292986530034DCA9 /* Build configuration list for PBXNativeTarget "PlantBudApp" */;
			buildPhases = (
				EFBA286D292986510034DCA9 /* Sources */,
				EFBA286E292986510034DCA9 /* Frameworks */,
				EFBA286F292986510034DCA9 /* Resources */,
			);
			buildRules = (
			);
			dependencies = (
			);
			name = PlantBudApp;
			productName = PlantBudApp;
			productReference = EFBA2871292986510034DCA9 /* PlantBudApp.app */;
			productType = "com.apple.product-type.application";
		};
		EFBA2886292986530034DCA9 /* PlantBudAppTests */ = {
			isa = PBXNativeTarget;
			buildConfigurationList = EFBA289E292986530034DCA9 /* Build configuration list for PBXNativeTarget "PlantBudAppTests" */;
			buildPhases = (
				EFBA2883292986530034DCA9 /* Sources */,
				EFBA2884292986530034DCA9 /* Frameworks */,
				EFBA2885292986530034DCA9 /* Resources */,
			);
			buildRules = (
			);
			dependencies = (
				EFBA2889292986530034DCA9 /* PBXTargetDependency */,
			);
			name = PlantBudAppTests;
			productName = PlantBudAppTests;
			productReference = EFBA2887292986530034DCA9 /* PlantBudAppTests.xctest */;
			productType = "com.apple.product-type.bundle.unit-test";
		};
		EFBA2890292986530034DCA9 /* PlantBudAppUITests */ = {
			isa = PBXNativeTarget;
			buildConfigurationList = EFBA28A1292986530034DCA9 /* Build configuration list for PBXNativeTarget "PlantBudAppUITests" */;
			buildPhases = (
				EFBA288D292986530034DCA9 /* Sources */,
				EFBA288E292986530034DCA9 /* Frameworks */,
				EFBA288F292986530034DCA9 /* Resources */,
			);
			buildRules = (
			);
			dependencies = (
				EFBA2893292986530034DCA9 /* PBXTargetDependency */,
			);
			name = PlantBudAppUITests;
			productName = PlantBudAppUITests;
			productReference = EFBA2891292986530034DCA9 /* PlantBudAppUITests.xctest */;
			productType = "com.apple.product-type.bundle.ui-testing";
		};
/* End PBXNativeTarget section */

/* Begin PBXProject section */
		EFBA2869292986510034DCA9 /* Project object */ = {
			isa = PBXProject;
			attributes = {
				BuildIndependentTargetsInParallel = 1;
				LastSwiftUpdateCheck = 1410;
				LastUpgradeCheck = 1410;
				TargetAttributes = {
					EFBA2870292986510034DCA9 = {
						CreatedOnToolsVersion = 14.1;
					};
					EFBA2886292986530034DCA9 = {
						CreatedOnToolsVersion = 14.1;
						TestTargetID = EFBA2870292986510034DCA9;
					};
					EFBA2890292986530034DCA9 = {
						CreatedOnToolsVersion = 14.1;
						TestTargetID = EFBA2870292986510034DCA9;
					};
				};
			};
			buildConfigurationList = EFBA286C292986510034DCA9 /* Build configuration list for PBXProject "PlantBudApp" */;
			compatibilityVersion = "Xcode 14.0";
			developmentRegion = en;
			hasScannedForEncodings = 0;
			knownRegions = (
				en,
				Base,
			);
			mainGroup = EFBA2868292986510034DCA9;
			productRefGroup = EFBA2872292986510034DCA9 /* Products */;
			projectDirPath = "";
			projectRoot = "";
			targets = (
				EFBA2870292986510034DCA9 /* PlantBudApp */,
				EFBA2886292986530034DCA9 /* PlantBudAppTests */,
				EFBA2890292986530034DCA9 /* PlantBudAppUITests */,
			);
		};
/* End PBXProject section */

/* Begin PBXResourcesBuildPhase section */
		EFBA286F292986510034DCA9 /* Resources */ = {
			isa = PBXResourcesBuildPhase;
			buildActionMask = 2147483647;
			files = (
				EFBA2881292986520034DCA9 /* LaunchScreen.storyboard in Resources */,
				EFBA287E292986520034DCA9 /* Assets.xcassets in Resources */,
				EFBA287C292986510034DCA9 /* Main.storyboard in Resources */,
			);
			runOnlyForDeploymentPostprocessing = 0;
		};
		EFBA2885292986530034DCA9 /* Resources */ = {
			isa = PBXResourcesBuildPhase;
			buildActionMask = 2147483647;
			files = (
			);
			runOnlyForDeploymentPostprocessing = 0;
		};
		EFBA288F292986530034DCA9 /* Resources */ = {
			isa = PBXResourcesBuildPhase;
			buildActionMask = 2147483647;
			files = (
			);
			runOnlyForDeploymentPostprocessing = 0;
		};
/* End PBXResourcesBuildPhase section */

/* Begin PBXSourcesBuildPhase section */
		EFBA286D292986510034DCA9 /* Sources */ = {
			isa = PBXSourcesBuildPhase;
			buildActionMask = 2147483647;
			files = (
				EFBA2879292986510034DCA9 /* ViewController.swift in Sources */,
				EFBA2875292986510034DCA9 /* AppDelegate.swift in Sources */,
				EFBA2877292986510034DCA9 /* SceneDelegate.swift in Sources */,
			);
			runOnlyForDeploymentPostprocessing = 0;
		};
		EFBA2883292986530034DCA9 /* Sources */ = {
			isa = PBXSourcesBuildPhase;
			buildActionMask = 2147483647;
			files = (
				EFBA288C292986530034DCA9 /* PlantBudAppTests.swift in Sources */,
			);
			runOnlyForDeploymentPostprocessing = 0;
		};
		EFBA288D292986530034DCA9 /* Sources */ = {
			isa = PBXSourcesBuildPhase;
			buildActionMask = 2147483647;
			files = (
				EFBA2898292986530034DCA9 /* PlantBudAppUITestsLaunchTests.swift in Sources */,
				EFBA2896292986530034DCA9 /* PlantBudAppUITests.swift in Sources */,
			);
			runOnlyForDeploymentPostprocessing = 0;
		};
/* End PBXSourcesBuildPhase section */

/* Begin PBXTargetDependency section */
		EFBA2889292986530034DCA9 /* PBXTargetDependency */ = {
			isa = PBXTargetDependency;
			target = EFBA2870292986510034DCA9 /* PlantBudApp */;
			targetProxy = EFBA2888292986530034DCA9 /* PBXContainerItemProxy */;
		};
		EFBA2893292986530034DCA9 /* PBXTargetDependency */ = {
			isa = PBXTargetDependency;
			target = EFBA2870292986510034DCA9 /* PlantBudApp */;
			targetProxy = EFBA2892292986530034DCA9 /* PBXContainerItemProxy */;
		};
/* End PBXTargetDependency section */

/* Begin PBXVariantGroup section */
		EFBA287A292986510034DCA9 /* Main.storyboard */ = {
			isa = PBXVariantGroup;
			children = (
				EFBA287B292986510034DCA9 /* Base */,
			);
			name = Main.storyboard;
			sourceTree = "<group>";
		};
		EFBA287F292986520034DCA9 /* LaunchScreen.storyboard */ = {
			isa = PBXVariantGroup;
			children = (
				EFBA2880292986520034DCA9 /* Base */,
			);
			name = LaunchScreen.storyboard;
			sourceTree = "<group>";
		};
/* End PBXVariantGroup section */

/* Begin XCBuildConfiguration section */
		EFBA2899292986530034DCA9 /* Debug */ = {
			isa = XCBuildConfiguration;
			buildSettings = {
				ALWAYS_SEARCH_USER_PATHS = NO;
				CLANG_ANALYZER_NONNULL = YES;
				CLANG_ANALYZER_NUMBER_OBJECT_CONVERSION = YES_AGGRESSIVE;
				CLANG_CXX_LANGUAGE_STANDARD = "gnu++20";
				CLANG_ENABLE_MODULES = YES;
				CLANG_ENABLE_OBJC_ARC = YES;
				CLANG_ENABLE_OBJC_WEAK = YES;
				CLANG_WARN_BLOCK_CAPTURE_AUTORELEASING = YES;
				CLANG_WARN_BOOL_CONVERSION = YES;
				CLANG_WARN_COMMA = YES;
				CLANG_WARN_CONSTANT_CONVERSION = YES;
				CLANG_WARN_DEPRECATED_OBJC_IMPLEMENTATIONS = YES;
				CLANG_WARN_DIRECT_OBJC_ISA_USAGE = YES_ERROR;
				CLANG_WARN_DOCUMENTATION_COMMENTS = YES;
				CLANG_WARN_EMPTY_BODY = YES;
				CLANG_WARN_ENUM_CONVERSION = YES;
				CLANG_WARN_INFINITE_RECURSION = YES;
				CLANG_WARN_INT_CONVERSION = YES;
				CLANG_WARN_NON_LITERAL_NULL_CONVERSION = YES;
				CLANG_WARN_OBJC_IMPLICIT_RETAIN_SELF = YES;
				CLANG_WARN_OBJC_LITERAL_CONVERSION = YES;
				CLANG_WARN_OBJC_ROOT_CLASS = YES_ERROR;
				CLANG_WARN_QUOTED_INCLUDE_IN_FRAMEWORK_HEADER = YES;
				CLANG_WARN_RANGE_LOOP_ANALYSIS = YES;
				CLANG_WARN_STRICT_PROTOTYPES = YES;
				CLANG_WARN_SUSPICIOUS_MOVE = YES;
				CLANG_WARN_UNGUARDED_AVAILABILITY = YES_AGGRESSIVE;
				CLANG_WARN_UNREACHABLE_CODE = YES;
				CLANG_WARN__DUPLICATE_METHOD_MATCH = YES;
				COPY_PHASE_STRIP = NO;
				DEBUG_INFORMATION_FORMAT = dwarf;
				ENABLE_STRICT_OBJC_MSGSEND = YES;
				ENABLE_TESTABILITY = YES;
				GCC_C_LANGUAGE_STANDARD = gnu11;
				GCC_DYNAMIC_NO_PIC = NO;
				GCC_NO_COMMON_BLOCKS = YES;
				GCC_OPTIMIZATION_LEVEL = 0;
				GCC_PREPROCESSOR_DEFINITIONS = (
					"DEBUG=1",
					"$(inherited)",
				);
				GCC_WARN_64_TO_32_BIT_CONVERSION = YES;
				GCC_WARN_ABOUT_RETURN_TYPE = YES_ERROR;
				GCC_WARN_UNDECLARED_SELECTOR = YES;
				GCC_WARN_UNINITIALIZED_AUTOS = YES_AGGRESSIVE;
				GCC_WARN_UNUSED_FUNCTION = YES;
				GCC_WARN_UNUSED_VARIABLE = YES;
				IPHONEOS_DEPLOYMENT_TARGET = 16.1;
				MTL_ENABLE_DEBUG_INFO = INCLUDE_SOURCE;
				MTL_FAST_MATH = YES;
				ONLY_ACTIVE_ARCH = YES;
				SDKROOT = iphoneos;
				SWIFT_ACTIVE_COMPILATION_CONDITIONS = DEBUG;
				SWIFT_OPTIMIZATION_LEVEL = "-Onone";
			};
			name = Debug;
		};
		EFBA289A292986530034DCA9 /* Release */ = {
			isa = XCBuildConfiguration;
			buildSettings = {
				ALWAYS_SEARCH_USER_PATHS = NO;
				CLANG_ANALYZER_NONNULL = YES;
				CLANG_ANALYZER_NUMBER_OBJECT_CONVERSION = YES_AGGRESSIVE;
				CLANG_CXX_LANGUAGE_STANDARD = "gnu++20";
				CLANG_ENABLE_MODULES = YES;
				CLANG_ENABLE_OBJC_ARC = YES;
				CLANG_ENABLE_OBJC_WEAK = YES;
				CLANG_WARN_BLOCK_CAPTURE_AUTORELEASING = YES;
				CLANG_WARN_BOOL_CONVERSION = YES;
				CLANG_WARN_COMMA = YES;
				CLANG_WARN_CONSTANT_CONVERSION = YES;
				CLANG_WARN_DEPRECATED_OBJC_IMPLEMENTATIONS = YES;
				CLANG_WARN_DIRECT_OBJC_ISA_USAGE = YES_ERROR;
				CLANG_WARN_DOCUMENTATION_COMMENTS = YES;
				CLANG_WARN_EMPTY_BODY = YES;
				CLANG_WARN_ENUM_CONVERSION = YES;
				CLANG_WARN_INFINITE_RECURSION = YES;
				CLANG_WARN_INT_CONVERSION = YES;
				CLANG_WARN_NON_LITERAL_NULL_CONVERSION = YES;
				CLANG_WARN_OBJC_IMPLICIT_RETAIN_SELF = YES;
				CLANG_WARN_OBJC_LITERAL_CONVERSION = YES;
				CLANG_WARN_OBJC_ROOT_CLASS = YES_ERROR;
				CLANG_WARN_QUOTED_INCLUDE_IN_FRAMEWORK_HEADER = YES;
				CLANG_WARN_RANGE_LOOP_ANALYSIS = YES;
				CLANG_WARN_STRICT_PROTOTYPES = YES;
				CLANG_WARN_SUSPICIOUS_MOVE = YES;
				CLANG_WARN_UNGUARDED_AVAILABILITY = YES_AGGRESSIVE;
				CLANG_WARN_UNREACHABLE_CODE = YES;
				CLANG_WARN__DUPLICATE_METHOD_MATCH = YES;
				COPY_PHASE_STRIP = NO;
				DEBUG_INFORMATION_FORMAT = "dwarf-with-dsym";
				ENABLE_NS_ASSERTIONS = NO;
				ENABLE_STRICT_OBJC_MSGSEND = YES;
				GCC_C_LANGUAGE_STANDARD = gnu11;
				GCC_NO_COMMON_BLOCKS = YES;
				GCC_WARN_64_TO_32_BIT_CONVERSION = YES;
				GCC_WARN_ABOUT_RETURN_TYPE = YES_ERROR;
				GCC_WARN_UNDECLARED_SELECTOR = YES;
				GCC_WARN_UNINITIALIZED_AUTOS = YES_AGGRESSIVE;
				GCC_WARN_UNUSED_FUNCTION = YES;
				GCC_WARN_UNUSED_VARIABLE = YES;
				IPHONEOS_DEPLOYMENT_TARGET = 16.1;
				MTL_ENABLE_DEBUG_INFO = NO;
				MTL_FAST_MATH = YES;
				SDKROOT = iphoneos;
				SWIFT_COMPILATION_MODE = wholemodule;
				SWIFT_OPTIMIZATION_LEVEL = "-O";
				VALIDATE_PRODUCT = YES;
			};
			name = Release;
		};
		EFBA289C292986530034DCA9 /* Debug */ = {
			isa = XCBuildConfiguration;
			buildSettings = {
				ASSETCATALOG_COMPILER_APPICON_NAME = AppIcon;
				ASSETCATALOG_COMPILER_GLOBAL_ACCENT_COLOR_NAME = AccentColor;
				CODE_SIGN_STYLE = Automatic;
				CURRENT_PROJECT_VERSION = 1;
				DEVELOPMENT_TEAM = GGJL3D3J9M;
				GENERATE_INFOPLIST_FILE = YES;
				INFOPLIST_FILE = PlantBudApp/Info.plist;
				INFOPLIST_KEY_UIApplicationSupportsIndirectInputEvents = YES;
				INFOPLIST_KEY_UILaunchStoryboardName = LaunchScreen;
				INFOPLIST_KEY_UIMainStoryboardFile = Main;
				INFOPLIST_KEY_UISupportedInterfaceOrientations_iPad = "UIInterfaceOrientationPortrait UIInterfaceOrientationPortraitUpsideDown UIInterfaceOrientationLandscapeLeft UIInterfaceOrientationLandscapeRight";
				INFOPLIST_KEY_UISupportedInterfaceOrientations_iPhone = "UIInterfaceOrientationPortrait UIInterfaceOrientationLandscapeLeft UIInterfaceOrientationLandscapeRight";
				LD_RUNPATH_SEARCH_PATHS = (
					"$(inherited)",
					"@executable_path/Frameworks",
				);
				MARKETING_VERSION = 1.0;
				PRODUCT_BUNDLE_IDENTIFIER = KamilZachara.PlantBudApp;
				PRODUCT_NAME = "$(TARGET_NAME)";
				SWIFT_EMIT_LOC_STRINGS = YES;
				SWIFT_VERSION = 5.0;
				TARGETED_DEVICE_FAMILY = "1,2";
			};
			name = Debug;
		};
		EFBA289D292986530034DCA9 /* Release */ = {
			isa = XCBuildConfiguration;
			buildSettings = {
				ASSETCATALOG_COMPILER_APPICON_NAME = AppIcon;
				ASSETCATALOG_COMPILER_GLOBAL_ACCENT_COLOR_NAME = AccentColor;
				CODE_SIGN_STYLE = Automatic;
				CURRENT_PROJECT_VERSION = 1;
				DEVELOPMENT_TEAM = GGJL3D3J9M;
				GENERATE_INFOPLIST_FILE = YES;
				INFOPLIST_FILE = PlantBudApp/Info.plist;
				INFOPLIST_KEY_UIApplicationSupportsIndirectInputEvents = YES;
				INFOPLIST_KEY_UILaunchStoryboardName = LaunchScreen;
				INFOPLIST_KEY_UIMainStoryboardFile = Main;
				INFOPLIST_KEY_UISupportedInterfaceOrientations_iPad = "UIInterfaceOrientationPortrait UIInterfaceOrientationPortraitUpsideDown UIInterfaceOrientationLandscapeLeft UIInterfaceOrientationLandscapeRight";
				INFOPLIST_KEY_UISupportedInterfaceOrientations_iPhone = "UIInterfaceOrientationPortrait UIInterfaceOrientationLandscapeLeft UIInterfaceOrientationLandscapeRight";
				LD_RUNPATH_SEARCH_PATHS = (
					"$(inherited)",
					"@executable_path/Frameworks",
				);
				MARKETING_VERSION = 1.0;
				PRODUCT_BUNDLE_IDENTIFIER = KamilZachara.PlantBudApp;
				PRODUCT_NAME = "$(TARGET_NAME)";
				SWIFT_EMIT_LOC_STRINGS = YES;
				SWIFT_VERSION = 5.0;
				TARGETED_DEVICE_FAMILY = "1,2";
			};
			name = Release;
		};
		EFBA289F292986530034DCA9 /* Debug */ = {
			isa = XCBuildConfiguration;
			buildSettings = {
				ALWAYS_EMBED_SWIFT_STANDARD_LIBRARIES = YES;
				BUNDLE_LOADER = "$(TEST_HOST)";
				CODE_SIGN_STYLE = Automatic;
				CURRENT_PROJECT_VERSION = 1;
				DEVELOPMENT_TEAM = GGJL3D3J9M;
				GENERATE_INFOPLIST_FILE = YES;
				IPHONEOS_DEPLOYMENT_TARGET = 16.1;
				MARKETING_VERSION = 1.0;
				PRODUCT_BUNDLE_IDENTIFIER = KamilZachara.PlantBudAppTests;
				PRODUCT_NAME = "$(TARGET_NAME)";
				SWIFT_EMIT_LOC_STRINGS = NO;
				SWIFT_VERSION = 5.0;
				TARGETED_DEVICE_FAMILY = "1,2";
				TEST_HOST = "$(BUILT_PRODUCTS_DIR)/PlantBudApp.app/$(BUNDLE_EXECUTABLE_FOLDER_PATH)/PlantBudApp";
			};
			name = Debug;
		};
		EFBA28A0292986530034DCA9 /* Release */ = {
			isa = XCBuildConfiguration;
			buildSettings = {
				ALWAYS_EMBED_SWIFT_STANDARD_LIBRARIES = YES;
				BUNDLE_LOADER = "$(TEST_HOST)";
				CODE_SIGN_STYLE = Automatic;
				CURRENT_PROJECT_VERSION = 1;
				DEVELOPMENT_TEAM = GGJL3D3J9M;
				GENERATE_INFOPLIST_FILE = YES;
				IPHONEOS_DEPLOYMENT_TARGET = 16.1;
				MARKETING_VERSION = 1.0;
				PRODUCT_BUNDLE_IDENTIFIER = KamilZachara.PlantBudAppTests;
				PRODUCT_NAME = "$(TARGET_NAME)";
				SWIFT_EMIT_LOC_STRINGS = NO;
				SWIFT_VERSION = 5.0;
				TARGETED_DEVICE_FAMILY = "1,2";
				TEST_HOST = "$(BUILT_PRODUCTS_DIR)/PlantBudApp.app/$(BUNDLE_EXECUTABLE_FOLDER_PATH)/PlantBudApp";
			};
			name = Release;
		};
		EFBA28A2292986530034DCA9 /* Debug */ = {
			isa = XCBuildConfiguration;
			buildSettings = {
				ALWAYS_EMBED_SWIFT_STANDARD_LIBRARIES = YES;
				CODE_SIGN_STYLE = Automatic;
				CURRENT_PROJECT_VERSION = 1;
				DEVELOPMENT_TEAM = GGJL3D3J9M;
				GENERATE_INFOPLIST_FILE = YES;
				MARKETING_VERSION = 1.0;
				PRODUCT_BUNDLE_IDENTIFIER = KamilZachara.PlantBudAppUITests;
				PRODUCT_NAME = "$(TARGET_NAME)";
				SWIFT_EMIT_LOC_STRINGS = NO;
				SWIFT_VERSION = 5.0;
				TARGETED_DEVICE_FAMILY = "1,2";
				TEST_TARGET_NAME = PlantBudApp;
			};
			name = Debug;
		};
		EFBA28A3292986530034DCA9 /* Release */ = {
			isa = XCBuildConfiguration;
			buildSettings = {
				ALWAYS_EMBED_SWIFT_STANDARD_LIBRARIES = YES;
				CODE_SIGN_STYLE = Automatic;
				CURRENT_PROJECT_VERSION = 1;
				DEVELOPMENT_TEAM = GGJL3D3J9M;
				GENERATE_INFOPLIST_FILE = YES;
				MARKETING_VERSION = 1.0;
				PRODUCT_BUNDLE_IDENTIFIER = KamilZachara.PlantBudAppUITests;
				PRODUCT_NAME = "$(TARGET_NAME)";
				SWIFT_EMIT_LOC_STRINGS = NO;
				SWIFT_VERSION = 5.0;
				TARGETED_DEVICE_FAMILY = "1,2";
				TEST_TARGET_NAME = PlantBudApp;
			};
			name = Release;
		};
/* End XCBuildConfiguration section */

/* Begin XCConfigurationList section */
		EFBA286C292986510034DCA9 /* Build configuration list for PBXProject "PlantBudApp" */ = {
			isa = XCConfigurationList;
			buildConfigurations = (
				EFBA2899292986530034DCA9 /* Debug */,
				EFBA289A292986530034DCA9 /* Release */,
			);
			defaultConfigurationIsVisible = 0;
			defaultConfigurationName = Release;
		};
		EFBA289B292986530034DCA9 /* Build configuration list for PBXNativeTarget "PlantBudApp" */ = {
			isa = XCConfigurationList;
			buildConfigurations = (
				EFBA289C292986530034DCA9 /* Debug */,
				EFBA289D292986530034DCA9 /* Release */,
			);
			defaultConfigurationIsVisible = 0;
			defaultConfigurationName = Release;
		};
		EFBA289E292986530034DCA9 /* Build configuration list for PBXNativeTarget "PlantBudAppTests" */ = {
			isa = XCConfigurationList;
			buildConfigurations = (
				EFBA289F292986530034DCA9 /* Debug */,
				EFBA28A0292986530034DCA9 /* Release */,
			);
			defaultConfigurationIsVisible = 0;
			defaultConfigurationName = Release;
		};
		EFBA28A1292986530034DCA9 /* Build configuration list for PBXNativeTarget "PlantBudAppUITests" */ = {
			isa = XCConfigurationList;
			buildConfigurations = (
				EFBA28A2292986530034DCA9 /* Debug */,
				EFBA28A3292986530034DCA9 /* Release */,
			);
			defaultConfigurationIsVisible = 0;
			defaultConfigurationName = Release;
		};
/* End XCConfigurationList section */
	};
	rootObject = EFBA2869292986510034DCA9 /* Project object */;
}
